{
  "name": "hackathon-frontend",
  "version": "1.0.0",
  "license": "ISC",
  "scripts": {
    "build": "mkdir -p build && cp -r public/* build/"
  },
  "lockfileVersion": 3,
  "requires": true,
  "packages": {
    "": {
      "name": "hackathon-frontend",
      "version": "1.0.0",
      "license": "ISC"
    }
  }
}
